
Microsoft Visual Studio Solution File, Format Version 12.00
# Visual Studio Version 16
VisualStudioVersion = 16.0.31025.194
MinimumVisualStudioVersion = 10.0.40219.1
Project("{FAE04EC0-301F-11D3-BF4B-00C04F79EFBC}") = "MstShop-ServerSide.DataLayer", "MstShop-ServerSide.DataLayer\MstShop-ServerSide.DataLayer.csproj", "{3EF56294-838F-458B-9795-5DC2540ED853}"
EndProject
Project("{FAE04EC0-301F-11D3-BF4B-00C04F79EFBC}") = "MstShop-ServerSide.Core", "MstShop-ServerSide.Core\MstShop-ServerSide.Core.csproj", "{97AF277D-9E3E-49D5-AFFC-60834E90CF88}"
EndProject
Project("{FAE04EC0-301F-11D3-BF4B-00C04F79EFBC}") = "MstShop-ServerSide.WebApi", "MstShop-ServerSide.WebApi\MstShop-ServerSide.WebApi.csproj", "{3F8B4F72-F501-4CB9-826E-B0CC96D95125}"
EndProject
Global
	GlobalSection(SolutionConfigurationPlatforms) = preSolution
		Debug|Any CPU = Debug|Any CPU
		Release|Any CPU = Release|Any CPU
	EndGlobalSection
	GlobalSection(ProjectConfigurationPlatforms) = postSolution
		{3EF56294-838F-458B-9795-5DC2540ED853}.Debug|Any CPU.ActiveCfg = Debug|Any CPU
		{3EF56294-838F-458B-9795-5DC2540ED853}.Debug|Any CPU.Build.0 = Debug|Any CPU
		{3EF56294-838F-458B-9795-5DC2540ED853}.Release|Any CPU.ActiveCfg = Release|Any CPU
		{3EF56294-838F-458B-9795-5DC2540ED853}.Release|Any CPU.Build.0 = Release|Any CPU
		{97AF277D-9E3E-49D5-AFFC-60834E90CF88}.Debug|Any CPU.ActiveCfg = Debug|Any CPU
		{97AF277D-9E3E-49D5-AFFC-60834E90CF88}.Debug|Any CPU.Build.0 = Debug|Any CPU
		{97AF277D-9E3E-49D5-AFFC-60834E90CF88}.Release|Any CPU.ActiveCfg = Release|Any CPU
		{97AF277D-9E3E-49D5-AFFC-60834E90CF88}.Release|Any CPU.Build.0 = Release|Any CPU
		{3F8B4F72-F501-4CB9-826E-B0CC96D95125}.Debug|Any CPU.ActiveCfg = Debug|Any CPU
		{3F8B4F72-F501-4CB9-826E-B0CC96D95125}.Debug|Any CPU.Build.0 = Debug|Any CPU
		{3F8B4F72-F501-4CB9-826E-B0CC96D95125}.Release|Any CPU.ActiveCfg = Release|Any CPU
		{3F8B4F72-F501-4CB9-826E-B0CC96D95125}.Release|Any CPU.Build.0 = Release|Any CPU
	EndGlobalSection
	GlobalSection(SolutionProperties) = preSolution
		HideSolutionNode = FALSE
	EndGlobalSection
	GlobalSection(ExtensibilityGlobals) = postSolution
		SolutionGuid = {81E3579E-71CF-4DD1-9D17-C48C61E664DC}
	EndGlobalSection
EndGlobal
